
Microsoft Visual Studio Solution File, Format Version 12.00
# Visual Studio Version 16
VisualStudioVersion = 16.0.34931.43
MinimumVisualStudioVersion = 10.0.40219.1
Project("{FAE04EC0-301F-11D3-BF4B-00C04F79EFBC}") = "ConsoleApp6", "ConsoleApp6.csproj", "{79FE0DFD-55DF-47F5-8213-EEB29073091C}"
EndProject
Global
	GlobalSection(SolutionConfigurationPlatforms) = preSolution
		Debug|Any CPU = Debug|Any CPU
		Release|Any CPU = Release|Any CPU
	EndGlobalSection
	GlobalSection(ProjectConfigurationPlatforms) = postSolution
		{79FE0DFD-55DF-47F5-8213-EEB29073091C}.Debug|Any CPU.ActiveCfg = Debug|Any CPU
		{79FE0DFD-55DF-47F5-8213-EEB29073091C}.Debug|Any CPU.Build.0 = Debug|Any CPU
		{79FE0DFD-55DF-47F5-8213-EEB29073091C}.Release|Any CPU.ActiveCfg = Release|Any CPU
		{79FE0DFD-55DF-47F5-8213-EEB29073091C}.Release|Any CPU.Build.0 = Release|Any CPU
	EndGlobalSection
	GlobalSection(SolutionProperties) = preSolution
		HideSolutionNode = FALSE
	EndGlobalSection
	GlobalSection(ExtensibilityGlobals) = postSolution
		SolutionGuid = {010DA53D-5D95-4F36-BDD7-B9164C927005}
	EndGlobalSection
EndGlobal
